// !$*UTF8*$!
{
	archiveVersion = 1;
	classes = {
	};
	objectVersion = 46;
	objects = {

/* Begin PBXBuildFile section */
		4ECADCF11DE5D5770001A11D /* AppDelegate.swift in Sources */ = {isa = PBXBuildFile; fileRef = 4ECADCF01DE5D5770001A11D /* AppDelegate.swift */; };
		4ECADCF31DE5D5770001A11D /* ViewController.swift in Sources */ = {isa = PBXBuildFile; fileRef = 4ECADCF21DE5D5770001A11D /* ViewController.swift */; };
		4ECADCF61DE5D5770001A11D /* Main.storyboard in Resources */ = {isa = PBXBuildFile; fileRef = 4ECADCF41DE5D5770001A11D /* Main.storyboard */; };
		4ECADCF91DE5D5770001A11D /* sampleTrackTheRide.xcdatamodeld in Sources */ = {isa = PBXBuildFile; fileRef = 4ECADCF71DE5D5770001A11D /* sampleTrackTheRide.xcdatamodeld */; };
		4ECADCFB1DE5D5770001A11D /* Assets.xcassets in Resources */ = {isa = PBXBuildFile; fileRef = 4ECADCFA1DE5D5770001A11D /* Assets.xcassets */; };
		4ECADCFE1DE5D5770001A11D /* LaunchScreen.storyboard in Resources */ = {isa = PBXBuildFile; fileRef = 4ECADCFC1DE5D5770001A11D /* LaunchScreen.storyboard */; };
		4ECADD091DE5D5770001A11D /* sampleTrackTheRideTests.swift in Sources */ = {isa = PBXBuildFile; fileRef = 4ECADD081DE5D5770001A11D /* sampleTrackTheRideTests.swift */; };
		4ECADD141DE5D5770001A11D /* sampleTrackTheRideUITests.swift in Sources */ = {isa = PBXBuildFile; fileRef = 4ECADD131DE5D5770001A11D /* sampleTrackTheRideUITests.swift */; };
/* End PBXBuildFile section */

/* Begin PBXContainerItemProxy section */
		4ECADD051DE5D5770001A11D /* PBXContainerItemProxy */ = {
			isa = PBXContainerItemProxy;
			containerPortal = 4ECADCE51DE5D5760001A11D /* Project object */;
			proxyType = 1;
			remoteGlobalIDString = 4ECADCEC1DE5D5770001A11D;
			remoteInfo = sampleTrackTheRide;
		};
		4ECADD101DE5D5770001A11D /* PBXContainerItemProxy */ = {
			isa = PBXContainerItemProxy;
			containerPortal = 4ECADCE51DE5D5760001A11D /* Project object */;
			proxyType = 1;
			remoteGlobalIDString = 4ECADCEC1DE5D5770001A11D;
			remoteInfo = sampleTrackTheRide;
		};
/* End PBXContainerItemProxy section */

/* Begin PBXFileReference section */
		4ECADCED1DE5D5770001A11D /* sampleTrackTheRide.app */ = {isa = PBXFileReference; explicitFileType = wrapper.application; includeInIndex = 0; path = sampleTrackTheRide.app; sourceTree = BUILT_PRODUCTS_DIR; };
		4ECADCF01DE5D5770001A11D /* AppDelegate.swift */ = {isa = PBXFileReference; lastKnownFileType = sourcecode.swift; path = AppDelegate.swift; sourceTree = "<group>"; };
		4ECADCF21DE5D5770001A11D /* ViewController.swift */ = {isa = PBXFileReference; lastKnownFileType = sourcecode.swift; path = ViewController.swift; sourceTree = "<group>"; };
		4ECADCF51DE5D5770001A11D /* Base */ = {isa = PBXFileReference; lastKnownFileType = file.storyboard; name = Base; path = Base.lproj/Main.storyboard; sourceTree = "<group>"; };
		4ECADCF81DE5D5770001A11D /* sampleTrackTheRide.xcdatamodel */ = {isa = PBXFileReference; lastKnownFileType = wrapper.xcdatamodel; path = sampleTrackTheRide.xcdatamodel; sourceTree = "<group>"; };
		4ECADCFA1DE5D5770001A11D /* Assets.xcassets */ = {isa = PBXFileReference; lastKnownFileType = folder.assetcatalog; path = Assets.xcassets; sourceTree = "<group>"; };
		4ECADCFD1DE5D5770001A11D /* Base */ = {isa = PBXFileReference; lastKnownFileType = file.storyboard; name = Base; path = Base.lproj/LaunchScreen.storyboard; sourceTree = "<group>"; };
		4ECADCFF1DE5D5770001A11D /* Info.plist */ = {isa = PBXFileReference; lastKnownFileType = text.plist.xml; path = Info.plist; sourceTree = "<group>"; };
		4ECADD041DE5D5770001A11D /* sampleTrackTheRideTests.xctest */ = {isa = PBXFileReference; explicitFileType = wrapper.cfbundle; includeInIndex = 0; path = sampleTrackTheRideTests.xctest; sourceTree = BUILT_PRODUCTS_DIR; };
		4ECADD081DE5D5770001A11D /* sampleTrackTheRideTests.swift */ = {isa = PBXFileReference; lastKnownFileType = sourcecode.swift; path = sampleTrackTheRideTests.swift; sourceTree = "<group>"; };
		4ECADD0A1DE5D5770001A11D /* Info.plist */ = {isa = PBXFileReference; lastKnownFileType = text.plist.xml; path = Info.plist; sourceTree = "<group>"; };
		4ECADD0F1DE5D5770001A11D /* sampleTrackTheRideUITests.xctest */ = {isa = PBXFileReference; explicitFileType = wrapper.cfbundle; includeInIndex = 0; path = sampleTrackTheRideUITests.xctest; sourceTree = BUILT_PRODUCTS_DIR; };
		4ECADD131DE5D5770001A11D /* sampleTrackTheRideUITests.swift */ = {isa = PBXFileReference; lastKnownFileType = sourcecode.swift; path = sampleTrackTheRideUITests.swift; sourceTree = "<group>"; };
		4ECADD151DE5D5770001A11D /* Info.plist */ = {isa = PBXFileReference; lastKnownFileType = text.plist.xml; path = Info.plist; sourceTree = "<group>"; };
/* End PBXFileReference section */

/* Begin PBXFrameworksBuildPhase section */
		4ECADCEA1DE5D5770001A11D /* Frameworks */ = {
			isa = PBXFrameworksBuildPhase;
			buildActionMask = 2147483647;
			files = (
			);
			runOnlyForDeploymentPostprocessing = 0;
		};
		4ECADD011DE5D5770001A11D /* Frameworks */ = {
			isa = PBXFrameworksBuildPhase;
			buildActionMask = 2147483647;
			files = (
			);
			runOnlyForDeploymentPostprocessing = 0;
		};
		4ECADD0C1DE5D5770001A11D /* Frameworks */ = {
			isa = PBXFrameworksBuildPhase;
			buildActionMask = 2147483647;
			files = (
			);
			runOnlyForDeploymentPostprocessing = 0;
		};
/* End PBXFrameworksBuildPhase section */

/* Begin PBXGroup section */
		4ECADCE41DE5D5760001A11D = {
			isa = PBXGroup;
			children = (
				4ECADCEF1DE5D5770001A11D /* sampleTrackTheRide */,
				4ECADD071DE5D5770001A11D /* sampleTrackTheRideTests */,
				4ECADD121DE5D5770001A11D /* sampleTrackTheRideUITests */,
				4ECADCEE1DE5D5770001A11D /* Products */,
			);
			sourceTree = "<group>";
		};
		4ECADCEE1DE5D5770001A11D /* Products */ = {
			isa = PBXGroup;
			children = (
				4ECADCED1DE5D5770001A11D /* sampleTrackTheRide.app */,
				4ECADD041DE5D5770001A11D /* sampleTrackTheRideTests.xctest */,
				4ECADD0F1DE5D5770001A11D /* sampleTrackTheRideUITests.xctest */,
			);
			name = Products;
			sourceTree = "<group>";
		};
		4ECADCEF1DE5D5770001A11D /* sampleTrackTheRide */ = {
			isa = PBXGroup;
			children = (
				4ECADCF01DE5D5770001A11D /* AppDelegate.swift */,
				4ECADCF21DE5D5770001A11D /* ViewController.swift */,
				4ECADCF41DE5D5770001A11D /* Main.storyboard */,
				4ECADCFA1DE5D5770001A11D /* Assets.xcassets */,
				4ECADCFC1DE5D5770001A11D /* LaunchScreen.storyboard */,
				4ECADCFF1DE5D5770001A11D /* Info.plist */,
				4ECADCF71DE5D5770001A11D /* sampleTrackTheRide.xcdatamodeld */,
			);
			path = sampleTrackTheRide;
			sourceTree = "<group>";
		};
		4ECADD071DE5D5770001A11D /* sampleTrackTheRideTests */ = {
			isa = PBXGroup;
			children = (
				4ECADD081DE5D5770001A11D /* sampleTrackTheRideTests.swift */,
				4ECADD0A1DE5D5770001A11D /* Info.plist */,
			);
			path = sampleTrackTheRideTests;
			sourceTree = "<group>";
		};
		4ECADD121DE5D5770001A11D /* sampleTrackTheRideUITests */ = {
			isa = PBXGroup;
			children = (
				4ECADD131DE5D5770001A11D /* sampleTrackTheRideUITests.swift */,
				4ECADD151DE5D5770001A11D /* Info.plist */,
			);
			path = sampleTrackTheRideUITests;
			sourceTree = "<group>";
		};
/* End PBXGroup section */

/* Begin PBXNativeTarget section */
		4ECADCEC1DE5D5770001A11D /* sampleTrackTheRide */ = {
			isa = PBXNativeTarget;
			buildConfigurationList = 4ECADD181DE5D5770001A11D /* Build configuration list for PBXNativeTarget "sampleTrackTheRide" */;
			buildPhases = (
				4ECADCE91DE5D5770001A11D /* Sources */,
				4ECADCEA1DE5D5770001A11D /* Frameworks */,
				4ECADCEB1DE5D5770001A11D /* Resources */,
			);
			buildRules = (
			);
			dependencies = (
			);
			name = sampleTrackTheRide;
			productName = sampleTrackTheRide;
			productReference = 4ECADCED1DE5D5770001A11D /* sampleTrackTheRide.app */;
			productType = "com.apple.product-type.application";
		};
		4ECADD031DE5D5770001A11D /* sampleTrackTheRideTests */ = {
			isa = PBXNativeTarget;
			buildConfigurationList = 4ECADD1B1DE5D5770001A11D /* Build configuration list for PBXNativeTarget "sampleTrackTheRideTests" */;
			buildPhases = (
				4ECADD001DE5D5770001A11D /* Sources */,
				4ECADD011DE5D5770001A11D /* Frameworks */,
				4ECADD021DE5D5770001A11D /* Resources */,
			);
			buildRules = (
			);
			dependencies = (
				4ECADD061DE5D5770001A11D /* PBXTargetDependency */,
			);
			name = sampleTrackTheRideTests;
			productName = sampleTrackTheRideTests;
			productReference = 4ECADD041DE5D5770001A11D /* sampleTrackTheRideTests.xctest */;
			productType = "com.apple.product-type.bundle.unit-test";
		};
		4ECADD0E1DE5D5770001A11D /* sampleTrackTheRideUITests */ = {
			isa = PBXNativeTarget;
			buildConfigurationList = 4ECADD1E1DE5D5770001A11D /* Build configuration list for PBXNativeTarget "sampleTrackTheRideUITests" */;
			buildPhases = (
				4ECADD0B1DE5D5770001A11D /* Sources */,
				4ECADD0C1DE5D5770001A11D /* Frameworks */,
				4ECADD0D1DE5D5770001A11D /* Resources */,
			);
			buildRules = (
			);
			dependencies = (
				4ECADD111DE5D5770001A11D /* PBXTargetDependency */,
			);
			name = sampleTrackTheRideUITests;
			productName = sampleTrackTheRideUITests;
			productReference = 4ECADD0F1DE5D5770001A11D /* sampleTrackTheRideUITests.xctest */;
			productType = "com.apple.product-type.bundle.ui-testing";
		};
/* End PBXNativeTarget section */

/* Begin PBXProject section */
		4ECADCE51DE5D5760001A11D /* Project object */ = {
			isa = PBXProject;
			attributes = {
				LastSwiftUpdateCheck = 0810;
				LastUpgradeCheck = 0810;
				ORGANIZATIONNAME = SSuryawanshi;
				TargetAttributes = {
					4ECADCEC1DE5D5770001A11D = {
						CreatedOnToolsVersion = 8.1;
						ProvisioningStyle = Automatic;
					};
					4ECADD031DE5D5770001A11D = {
						CreatedOnToolsVersion = 8.1;
						ProvisioningStyle = Automatic;
						TestTargetID = 4ECADCEC1DE5D5770001A11D;
					};
					4ECADD0E1DE5D5770001A11D = {
						CreatedOnToolsVersion = 8.1;
						ProvisioningStyle = Automatic;
						TestTargetID = 4ECADCEC1DE5D5770001A11D;
					};
				};
			};
			buildConfigurationList = 4ECADCE81DE5D5760001A11D /* Build configuration list for PBXProject "sampleTrackTheRide" */;
			compatibilityVersion = "Xcode 3.2";
			developmentRegion = English;
			hasScannedForEncodings = 0;
			knownRegions = (
				en,
				Base,
			);
			mainGroup = 4ECADCE41DE5D5760001A11D;
			productRefGroup = 4ECADCEE1DE5D5770001A11D /* Products */;
			projectDirPath = "";
			projectRoot = "";
			targets = (
				4ECADCEC1DE5D5770001A11D /* sampleTrackTheRide */,
				4ECADD031DE5D5770001A11D /* sampleTrackTheRideTests */,
				4ECADD0E1DE5D5770001A11D /* sampleTrackTheRideUITests */,
			);
		};
/* End PBXProject section */

/* Begin PBXResourcesBuildPhase section */
		4ECADCEB1DE5D5770001A11D /* Resources */ = {
			isa = PBXResourcesBuildPhase;
			buildActionMask = 2147483647;
			files = (
				4ECADCFE1DE5D5770001A11D /* LaunchScreen.storyboard in Resources */,
				4ECADCFB1DE5D5770001A11D /* Assets.xcassets in Resources */,
				4ECADCF61DE5D5770001A11D /* Main.storyboard in Resources */,
			);
			runOnlyForDeploymentPostprocessing = 0;
		};
		4ECADD021DE5D5770001A11D /* Resources */ = {
			isa = PBXResourcesBuildPhase;
			buildActionMask = 2147483647;
			files = (
			);
			runOnlyForDeploymentPostprocessing = 0;
		};
		4ECADD0D1DE5D5770001A11D /* Resources */ = {
			isa = PBXResourcesBuildPhase;
			buildActionMask = 2147483647;
			files = (
			);
			runOnlyForDeploymentPostprocessing = 0;
		};
/* End PBXResourcesBuildPhase section */

/* Begin PBXSourcesBuildPhase section */
		4ECADCE91DE5D5770001A11D /* Sources */ = {
			isa = PBXSourcesBuildPhase;
			buildActionMask = 2147483647;
			files = (
				4ECADCF31DE5D5770001A11D /* ViewController.swift in Sources */,
				4ECADCF11DE5D5770001A11D /* AppDelegate.swift in Sources */,
				4ECADCF91DE5D5770001A11D /* sampleTrackTheRide.xcdatamodeld in Sources */,
			);
			runOnlyForDeploymentPostprocessing = 0;
		};
		4ECADD001DE5D5770001A11D /* Sources */ = {
			isa = PBXSourcesBuildPhase;
			buildActionMask = 2147483647;
			files = (
				4ECADD091DE5D5770001A11D /* sampleTrackTheRideTests.swift in Sources */,
			);
			runOnlyForDeploymentPostprocessing = 0;
		};
		4ECADD0B1DE5D5770001A11D /* Sources */ = {
			isa = PBXSourcesBuildPhase;
			buildActionMask = 2147483647;
			files = (
				4ECADD141DE5D5770001A11D /* sampleTrackTheRideUITests.swift in Sources */,
			);
			runOnlyForDeploymentPostprocessing = 0;
		};
/* End PBXSourcesBuildPhase section */

/* Begin PBXTargetDependency section */
		4ECADD061DE5D5770001A11D /* PBXTargetDependency */ = {
			isa = PBXTargetDependency;
			target = 4ECADCEC1DE5D5770001A11D /* sampleTrackTheRide */;
			targetProxy = 4ECADD051DE5D5770001A11D /* PBXContainerItemProxy */;
		};
		4ECADD111DE5D5770001A11D /* PBXTargetDependency */ = {
			isa = PBXTargetDependency;
			target = 4ECADCEC1DE5D5770001A11D /* sampleTrackTheRide */;
			targetProxy = 4ECADD101DE5D5770001A11D /* PBXContainerItemProxy */;
		};
/* End PBXTargetDependency section */

/* Begin PBXVariantGroup section */
		4ECADCF41DE5D5770001A11D /* Main.storyboard */ = {
			isa = PBXVariantGroup;
			children = (
				4ECADCF51DE5D5770001A11D /* Base */,
			);
			name = Main.storyboard;
			sourceTree = "<group>";
		};
		4ECADCFC1DE5D5770001A11D /* LaunchScreen.storyboard */ = {
			isa = PBXVariantGroup;
			children = (
				4ECADCFD1DE5D5770001A11D /* Base */,
			);
			name = LaunchScreen.storyboard;
			sourceTree = "<group>";
		};
/* End PBXVariantGroup section */

/* Begin XCBuildConfiguration section */
		4ECADD161DE5D5770001A11D /* Debug */ = {
			isa = XCBuildConfiguration;
			buildSettings = {
				ALWAYS_SEARCH_USER_PATHS = NO;
				CLANG_ANALYZER_NONNULL = YES;
				CLANG_CXX_LANGUAGE_STANDARD = "gnu++0x";
				CLANG_CXX_LIBRARY = "libc++";
				CLANG_ENABLE_MODULES = YES;
				CLANG_ENABLE_OBJC_ARC = YES;
				CLANG_WARN_BOOL_CONVERSION = YES;
				CLANG_WARN_CONSTANT_CONVERSION = YES;
				CLANG_WARN_DIRECT_OBJC_ISA_USAGE = YES_ERROR;
				CLANG_WARN_DOCUMENTATION_COMMENTS = YES;
				CLANG_WARN_EMPTY_BODY = YES;
				CLANG_WARN_ENUM_CONVERSION = YES;
				CLANG_WARN_INFINITE_RECURSION = YES;
				CLANG_WARN_INT_CONVERSION = YES;
				CLANG_WARN_OBJC_ROOT_CLASS = YES_ERROR;
				CLANG_WARN_SUSPICIOUS_MOVES = YES;
				CLANG_WARN_UNREACHABLE_CODE = YES;
				CLANG_WARN__DUPLICATE_METHOD_MATCH = YES;
				"CODE_SIGN_IDENTITY[sdk=iphoneos*]" = "iPhone Developer";
				COPY_PHASE_STRIP = NO;
				DEBUG_INFORMATION_FORMAT = dwarf;
				ENABLE_STRICT_OBJC_MSGSEND = YES;
				ENABLE_TESTABILITY = YES;
				GCC_C_LANGUAGE_STANDARD = gnu99;
				GCC_DYNAMIC_NO_PIC = NO;
				GCC_NO_COMMON_BLOCKS = YES;
				GCC_OPTIMIZATION_LEVEL = 0;
				GCC_PREPROCESSOR_DEFINITIONS = (
					"DEBUG=1",
					"$(inherited)",
				);
				GCC_WARN_64_TO_32_BIT_CONVERSION = YES;
				GCC_WARN_ABOUT_RETURN_TYPE = YES_ERROR;
				GCC_WARN_UNDECLARED_SELECTOR = YES;
				GCC_WARN_UNINITIALIZED_AUTOS = YES_AGGRESSIVE;
				GCC_WARN_UNUSED_FUNCTION = YES;
				GCC_WARN_UNUSED_VARIABLE = YES;
				IPHONEOS_DEPLOYMENT_TARGET = 10.1;
				MTL_ENABLE_DEBUG_INFO = YES;
				ONLY_ACTIVE_ARCH = YES;
				SDKROOT = iphoneos;
				SWIFT_ACTIVE_COMPILATION_CONDITIONS = DEBUG;
				SWIFT_OPTIMIZATION_LEVEL = "-Onone";
				TARGETED_DEVICE_FAMILY = "1,2";
			};
			name = Debug;
		};
		4ECADD171DE5D5770001A11D /* Release */ = {
			isa = XCBuildConfiguration;
			buildSettings = {
				ALWAYS_SEARCH_USER_PATHS = NO;
				CLANG_ANALYZER_NONNULL = YES;
				CLANG_CXX_LANGUAGE_STANDARD = "gnu++0x";
				CLANG_CXX_LIBRARY = "libc++";
				CLANG_ENABLE_MODULES = YES;
				CLANG_ENABLE_OBJC_ARC = YES;
				CLANG_WARN_BOOL_CONVERSION = YES;
				CLANG_WARN_CONSTANT_CONVERSION = YES;
				CLANG_WARN_DIRECT_OBJC_ISA_USAGE = YES_ERROR;
				CLANG_WARN_DOCUMENTATION_COMMENTS = YES;
				CLANG_WARN_EMPTY_BODY = YES;
				CLANG_WARN_ENUM_CONVERSION = YES;
				CLANG_WARN_INFINITE_RECURSION = YES;
				CLANG_WARN_INT_CONVERSION = YES;
				CLANG_WARN_OBJC_ROOT_CLASS = YES_ERROR;
				CLANG_WARN_SUSPICIOUS_MOVES = YES;
				CLANG_WARN_UNREACHABLE_CODE = YES;
				CLANG_WARN__DUPLICATE_METHOD_MATCH = YES;
				"CODE_SIGN_IDENTITY[sdk=iphoneos*]" = "iPhone Developer";
				COPY_PHASE_STRIP = NO;
				DEBUG_INFORMATION_FORMAT = "dwarf-with-dsym";
				ENABLE_NS_ASSERTIONS = NO;
				ENABLE_STRICT_OBJC_MSGSEND = YES;
				GCC_C_LANGUAGE_STANDARD = gnu99;
				GCC_NO_COMMON_BLOCKS = YES;
				GCC_WARN_64_TO_32_BIT_CONVERSION = YES;
				GCC_WARN_ABOUT_RETURN_TYPE = YES_ERROR;
				GCC_WARN_UNDECLARED_SELECTOR = YES;
				GCC_WARN_UNINITIALIZED_AUTOS = YES_AGGRESSIVE;
				GCC_WARN_UNUSED_FUNCTION = YES;
				GCC_WARN_UNUSED_VARIABLE = YES;
				IPHONEOS_DEPLOYMENT_TARGET = 10.1;
				MTL_ENABLE_DEBUG_INFO = NO;
				SDKROOT = iphoneos;
				SWIFT_OPTIMIZATION_LEVEL = "-Owholemodule";
				TARGETED_DEVICE_FAMILY = "1,2";
				VALIDATE_PRODUCT = YES;
			};
			name = Release;
		};
		4ECADD191DE5D5770001A11D /* Debug */ = {
			isa = XCBuildConfiguration;
			buildSettings = {
				ASSETCATALOG_COMPILER_APPICON_NAME = AppIcon;
				INFOPLIST_FILE = sampleTrackTheRide/Info.plist;
				LD_RUNPATH_SEARCH_PATHS = "$(inherited) @executable_path/Frameworks";
				PRODUCT_BUNDLE_IDENTIFIER = com.ssuryawanshi.sampleTrackTheRide;
				PRODUCT_NAME = "$(TARGET_NAME)";
				SWIFT_VERSION = 3.0;
			};
			name = Debug;
		};
		4ECADD1A1DE5D5770001A11D /* Release */ = {
			isa = XCBuildConfiguration;
			buildSettings = {
				ASSETCATALOG_COMPILER_APPICON_NAME = AppIcon;
				INFOPLIST_FILE = sampleTrackTheRide/Info.plist;
				LD_RUNPATH_SEARCH_PATHS = "$(inherited) @executable_path/Frameworks";
				PRODUCT_BUNDLE_IDENTIFIER = com.ssuryawanshi.sampleTrackTheRide;
				PRODUCT_NAME = "$(TARGET_NAME)";
				SWIFT_VERSION = 3.0;
			};
			name = Release;
		};
		4ECADD1C1DE5D5770001A11D /* Debug */ = {
			isa = XCBuildConfiguration;
			buildSettings = {
				ALWAYS_EMBED_SWIFT_STANDARD_LIBRARIES = YES;
				BUNDLE_LOADER = "$(TEST_HOST)";
				INFOPLIST_FILE = sampleTrackTheRideTests/Info.plist;
				LD_RUNPATH_SEARCH_PATHS = "$(inherited) @executable_path/Frameworks @loader_path/Frameworks";
				PRODUCT_BUNDLE_IDENTIFIER = com.ssuryawanshi.sampleTrackTheRideTests;
				PRODUCT_NAME = "$(TARGET_NAME)";
				SWIFT_VERSION = 3.0;
				TEST_HOST = "$(BUILT_PRODUCTS_DIR)/sampleTrackTheRide.app/sampleTrackTheRide";
			};
			name = Debug;
		};
		4ECADD1D1DE5D5770001A11D /* Release */ = {
			isa = XCBuildConfiguration;
			buildSettings = {
				ALWAYS_EMBED_SWIFT_STANDARD_LIBRARIES = YES;
				BUNDLE_LOADER = "$(TEST_HOST)";
				INFOPLIST_FILE = sampleTrackTheRideTests/Info.plist;
				LD_RUNPATH_SEARCH_PATHS = "$(inherited) @executable_path/Frameworks @loader_path/Frameworks";
				PRODUCT_BUNDLE_IDENTIFIER = com.ssuryawanshi.sampleTrackTheRideTests;
				PRODUCT_NAME = "$(TARGET_NAME)";
				SWIFT_VERSION = 3.0;
				TEST_HOST = "$(BUILT_PRODUCTS_DIR)/sampleTrackTheRide.app/sampleTrackTheRide";
			};
			name = Release;
		};
		4ECADD1F1DE5D5770001A11D /* Debug */ = {
			isa = XCBuildConfiguration;
			buildSettings = {
				ALWAYS_EMBED_SWIFT_STANDARD_LIBRARIES = YES;
				INFOPLIST_FILE = sampleTrackTheRideUITests/Info.plist;
				LD_RUNPATH_SEARCH_PATHS = "$(inherited) @executable_path/Frameworks @loader_path/Frameworks";
				PRODUCT_BUNDLE_IDENTIFIER = com.ssuryawanshi.sampleTrackTheRideUITests;
				PRODUCT_NAME = "$(TARGET_NAME)";
				SWIFT_VERSION = 3.0;
				TEST_TARGET_NAME = sampleTrackTheRide;
			};
			name = Debug;
		};
		4ECADD201DE5D5770001A11D /* Release */ = {
			isa = XCBuildConfiguration;
			buildSettings = {
				ALWAYS_EMBED_SWIFT_STANDARD_LIBRARIES = YES;
				INFOPLIST_FILE = sampleTrackTheRideUITests/Info.plist;
				LD_RUNPATH_SEARCH_PATHS = "$(inherited) @executable_path/Frameworks @loader_path/Frameworks";
				PRODUCT_BUNDLE_IDENTIFIER = com.ssuryawanshi.sampleTrackTheRideUITests;
				PRODUCT_NAME = "$(TARGET_NAME)";
				SWIFT_VERSION = 3.0;
				TEST_TARGET_NAME = sampleTrackTheRide;
			};
			name = Release;
		};
/* End XCBuildConfiguration section */

/* Begin XCConfigurationList section */
		4ECADCE81DE5D5760001A11D /* Build configuration list for PBXProject "sampleTrackTheRide" */ = {
			isa = XCConfigurationList;
			buildConfigurations = (
				4ECADD161DE5D5770001A11D /* Debug */,
				4ECADD171DE5D5770001A11D /* Release */,
			);
			defaultConfigurationIsVisible = 0;
			defaultConfigurationName = Release;
		};
		4ECADD181DE5D5770001A11D /* Build configuration list for PBXNativeTarget "sampleTrackTheRide" */ = {
			isa = XCConfigurationList;
			buildConfigurations = (
				4ECADD191DE5D5770001A11D /* Debug */,
				4ECADD1A1DE5D5770001A11D /* Release */,
			);
			defaultConfigurationIsVisible = 0;
			defaultConfigurationName = Release;
		};
		4ECADD1B1DE5D5770001A11D /* Build configuration list for PBXNativeTarget "sampleTrackTheRideTests" */ = {
			isa = XCConfigurationList;
			buildConfigurations = (
				4ECADD1C1DE5D5770001A11D /* Debug */,
				4ECADD1D1DE5D5770001A11D /* Release */,
			);
			defaultConfigurationIsVisible = 0;
			defaultConfigurationName = Release;
		};
		4ECADD1E1DE5D5770001A11D /* Build configuration list for PBXNativeTarget "sampleTrackTheRideUITests" */ = {
			isa = XCConfigurationList;
			buildConfigurations = (
				4ECADD1F1DE5D5770001A11D /* Debug */,
				4ECADD201DE5D5770001A11D /* Release */,
			);
			defaultConfigurationIsVisible = 0;
			defaultConfigurationName = Release;
		};
/* End XCConfigurationList section */

/* Begin XCVersionGroup section */
		4ECADCF71DE5D5770001A11D /* sampleTrackTheRide.xcdatamodeld */ = {
			isa = XCVersionGroup;
			children = (
				4ECADCF81DE5D5770001A11D /* sampleTrackTheRide.xcdatamodel */,
			);
			currentVersion = 4ECADCF81DE5D5770001A11D /* sampleTrackTheRide.xcdatamodel */;
			path = sampleTrackTheRide.xcdatamodeld;
			sourceTree = "<group>";
			versionGroupType = wrapper.xcdatamodel;
		};
/* End XCVersionGroup section */
	};
	rootObject = 4ECADCE51DE5D5760001A11D /* Project object */;
}
